// !$*UTF8*$!
{
	archiveVersion = 1;
	classes = {
	};
	objectVersion = 46;
	objects = {

/* Begin PBXBuildFile section */
		1466F08C1D64D77F0066C1C9 /* AppDelegate.swift in Sources */ = {isa = PBXBuildFile; fileRef = 1466F08B1D64D77F0066C1C9 /* AppDelegate.swift */; };
		1466F08E1D64D77F0066C1C9 /* ViewController.swift in Sources */ = {isa = PBXBuildFile; fileRef = 1466F08D1D64D77F0066C1C9 /* ViewController.swift */; };
		1466F0911D64D77F0066C1C9 /* Main.storyboard in Resources */ = {isa = PBXBuildFile; fileRef = 1466F08F1D64D77F0066C1C9 /* Main.storyboard */; };
		1466F0931D64D77F0066C1C9 /* Assets.xcassets in Resources */ = {isa = PBXBuildFile; fileRef = 1466F0921D64D77F0066C1C9 /* Assets.xcassets */; };
		1466F0961D64D77F0066C1C9 /* LaunchScreen.storyboard in Resources */ = {isa = PBXBuildFile; fileRef = 1466F0941D64D77F0066C1C9 /* LaunchScreen.storyboard */; };
		1466F0A01D64D94F0066C1C9 /* SpeechService.swift in Sources */ = {isa = PBXBuildFile; fileRef = 1466F09D1D64D94F0066C1C9 /* SpeechService.swift */; };
		1466F0A21D64D94F0066C1C9 /* CoreDataManager.swift in Sources */ = {isa = PBXBuildFile; fileRef = 1466F09F1D64D94F0066C1C9 /* CoreDataManager.swift */; };
		1466F0A71D64D9D30066C1C9 /* DataModel.xcdatamodeld in Sources */ = {isa = PBXBuildFile; fileRef = 1466F0A51D64D9D30066C1C9 /* DataModel.xcdatamodeld */; };
		1466F0A91D64DA550066C1C9 /* ColorService.swift in Sources */ = {isa = PBXBuildFile; fileRef = 1466F0A81D64DA550066C1C9 /* ColorService.swift */; };
/* End PBXBuildFile section */

/* Begin PBXFileReference section */
		1466F0881D64D77F0066C1C9 /* TellCoreData.app */ = {isa = PBXFileReference; explicitFileType = wrapper.application; includeInIndex = 0; path = TellCoreData.app; sourceTree = BUILT_PRODUCTS_DIR; };
		1466F08B1D64D77F0066C1C9 /* AppDelegate.swift */ = {isa = PBXFileReference; lastKnownFileType = sourcecode.swift; path = AppDelegate.swift; sourceTree = "<group>"; };
		1466F08D1D64D77F0066C1C9 /* ViewController.swift */ = {isa = PBXFileReference; lastKnownFileType = sourcecode.swift; path = ViewController.swift; sourceTree = "<group>"; };
		1466F0901D64D77F0066C1C9 /* Base */ = {isa = PBXFileReference; lastKnownFileType = file.storyboard; name = Base; path = Base.lproj/Main.storyboard; sourceTree = "<group>"; };
		1466F0921D64D77F0066C1C9 /* Assets.xcassets */ = {isa = PBXFileReference; lastKnownFileType = folder.assetcatalog; path = Assets.xcassets; sourceTree = "<group>"; };
		1466F0951D64D77F0066C1C9 /* Base */ = {isa = PBXFileReference; lastKnownFileType = file.storyboard; name = Base; path = Base.lproj/LaunchScreen.storyboard; sourceTree = "<group>"; };
		1466F0971D64D77F0066C1C9 /* Info.plist */ = {isa = PBXFileReference; lastKnownFileType = text.plist.xml; path = Info.plist; sourceTree = "<group>"; };
		1466F09D1D64D94F0066C1C9 /* SpeechService.swift */ = {isa = PBXFileReference; fileEncoding = 4; lastKnownFileType = sourcecode.swift; path = SpeechService.swift; sourceTree = "<group>"; };
		1466F09F1D64D94F0066C1C9 /* CoreDataManager.swift */ = {isa = PBXFileReference; fileEncoding = 4; lastKnownFileType = sourcecode.swift; path = CoreDataManager.swift; sourceTree = "<group>"; };
		1466F0A61D64D9D30066C1C9 /* DataModel.xcdatamodel */ = {isa = PBXFileReference; lastKnownFileType = wrapper.xcdatamodel; path = DataModel.xcdatamodel; sourceTree = "<group>"; };
		1466F0A81D64DA550066C1C9 /* ColorService.swift */ = {isa = PBXFileReference; fileEncoding = 4; lastKnownFileType = sourcecode.swift; path = ColorService.swift; sourceTree = "<group>"; };
/* End PBXFileReference section */

/* Begin PBXFrameworksBuildPhase section */
		1466F0851D64D77F0066C1C9 /* Frameworks */ = {
			isa = PBXFrameworksBuildPhase;
			buildActionMask = 2147483647;
			files = (
			);
			runOnlyForDeploymentPostprocessing = 0;
		};
/* End PBXFrameworksBuildPhase section */

/* Begin PBXGroup section */
		1466F07F1D64D77F0066C1C9 = {
			isa = PBXGroup;
			children = (
				1466F08A1D64D77F0066C1C9 /* TellCoreData */,
				1466F0891D64D77F0066C1C9 /* Products */,
			);
			sourceTree = "<group>";
		};
		1466F0891D64D77F0066C1C9 /* Products */ = {
			isa = PBXGroup;
			children = (
				1466F0881D64D77F0066C1C9 /* TellCoreData.app */,
			);
			name = Products;
			sourceTree = "<group>";
		};
		1466F08A1D64D77F0066C1C9 /* TellCoreData */ = {
			isa = PBXGroup;
			children = (
				1466F08B1D64D77F0066C1C9 /* AppDelegate.swift */,
				1466F08D1D64D77F0066C1C9 /* ViewController.swift */,
				1466F09D1D64D94F0066C1C9 /* SpeechService.swift */,
				1466F0A81D64DA550066C1C9 /* ColorService.swift */,
				1466F09F1D64D94F0066C1C9 /* CoreDataManager.swift */,
				1466F08F1D64D77F0066C1C9 /* Main.storyboard */,
				1466F0921D64D77F0066C1C9 /* Assets.xcassets */,
				1466F0941D64D77F0066C1C9 /* LaunchScreen.storyboard */,
				1466F0971D64D77F0066C1C9 /* Info.plist */,
				1466F0A51D64D9D30066C1C9 /* DataModel.xcdatamodeld */,
			);
			path = TellCoreData;
			sourceTree = "<group>";
		};
/* End PBXGroup section */

/* Begin PBXNativeTarget section */
		1466F0871D64D77F0066C1C9 /* TellCoreData */ = {
			isa = PBXNativeTarget;
			buildConfigurationList = 1466F09A1D64D77F0066C1C9 /* Build configuration list for PBXNativeTarget "TellCoreData" */;
			buildPhases = (
				1466F0841D64D77F0066C1C9 /* Sources */,
				1466F0851D64D77F0066C1C9 /* Frameworks */,
				1466F0861D64D77F0066C1C9 /* Resources */,
			);
			buildRules = (
			);
			dependencies = (
			);
			name = TellCoreData;
			productName = TellCoreData;
			productReference = 1466F0881D64D77F0066C1C9 /* TellCoreData.app */;
			productType = "com.apple.product-type.application";
		};
/* End PBXNativeTarget section */

/* Begin PBXProject section */
		1466F0801D64D77F0066C1C9 /* Project object */ = {
			isa = PBXProject;
			attributes = {
				LastSwiftUpdateCheck = 0800;
				LastUpgradeCheck = 0800;
				ORGANIZATIONNAME = "Sean Coleman";
				TargetAttributes = {
					1466F0871D64D77F0066C1C9 = {
						CreatedOnToolsVersion = 8.0;
						DevelopmentTeam = 99UEJVBZGE;
						ProvisioningStyle = Automatic;
					};
				};
			};
			buildConfigurationList = 1466F0831D64D77F0066C1C9 /* Build configuration list for PBXProject "TellCoreData" */;
			compatibilityVersion = "Xcode 3.2";
			developmentRegion = English;
			hasScannedForEncodings = 0;
			knownRegions = (
				en,
				Base,
			);
			mainGroup = 1466F07F1D64D77F0066C1C9;
			productRefGroup = 1466F0891D64D77F0066C1C9 /* Products */;
			projectDirPath = "";
			projectRoot = "";
			targets = (
				1466F0871D64D77F0066C1C9 /* TellCoreData */,
			);
		};
/* End PBXProject section */

/* Begin PBXResourcesBuildPhase section */
		1466F0861D64D77F0066C1C9 /* Resources */ = {
			isa = PBXResourcesBuildPhase;
			buildActionMask = 2147483647;
			files = (
				1466F0961D64D77F0066C1C9 /* LaunchScreen.storyboard in Resources */,
				1466F0931D64D77F0066C1C9 /* Assets.xcassets in Resources */,
				1466F0911D64D77F0066C1C9 /* Main.storyboard in Resources */,
			);
			runOnlyForDeploymentPostprocessing = 0;
		};
/* End PBXResourcesBuildPhase section */

/* Begin PBXSourcesBuildPhase section */
		1466F0841D64D77F0066C1C9 /* Sources */ = {
			isa = PBXSourcesBuildPhase;
			buildActionMask = 2147483647;
			files = (
				1466F08E1D64D77F0066C1C9 /* ViewController.swift in Sources */,
				1466F0A71D64D9D30066C1C9 /* DataModel.xcdatamodeld in Sources */,
				1466F08C1D64D77F0066C1C9 /* AppDelegate.swift in Sources */,
				1466F0A91D64DA550066C1C9 /* ColorService.swift in Sources */,
				1466F0A21D64D94F0066C1C9 /* CoreDataManager.swift in Sources */,
				1466F0A01D64D94F0066C1C9 /* SpeechService.swift in Sources */,
			);
			runOnlyForDeploymentPostprocessing = 0;
		};
/* End PBXSourcesBuildPhase section */

/* Begin PBXVariantGroup section */
		1466F08F1D64D77F0066C1C9 /* Main.storyboard */ = {
			isa = PBXVariantGroup;
			children = (
				1466F0901D64D77F0066C1C9 /* Base */,
			);
			name = Main.storyboard;
			sourceTree = "<group>";
		};
		1466F0941D64D77F0066C1C9 /* LaunchScreen.storyboard */ = {
			isa = PBXVariantGroup;
			children = (
				1466F0951D64D77F0066C1C9 /* Base */,
			);
			name = LaunchScreen.storyboard;
			sourceTree = "<group>";
		};
/* End PBXVariantGroup section */

/* Begin XCBuildConfiguration section */
		1466F0981D64D77F0066C1C9 /* Debug */ = {
			isa = XCBuildConfiguration;
			buildSettings = {
				ALWAYS_SEARCH_USER_PATHS = NO;
				CLANG_ANALYZER_NONNULL = YES;
				CLANG_CXX_LANGUAGE_STANDARD = "gnu++0x";
				CLANG_CXX_LIBRARY = "libc++";
				CLANG_ENABLE_MODULES = YES;
				CLANG_ENABLE_OBJC_ARC = YES;
				CLANG_WARN_BOOL_CONVERSION = YES;
				CLANG_WARN_CONSTANT_CONVERSION = YES;
				CLANG_WARN_DIRECT_OBJC_ISA_USAGE = YES_ERROR;
				CLANG_WARN_DOCUMENTATION_COMMENTS = YES;
				CLANG_WARN_EMPTY_BODY = YES;
				CLANG_WARN_ENUM_CONVERSION = YES;
				CLANG_WARN_INFINITE_RECURSION = YES;
				CLANG_WARN_INT_CONVERSION = YES;
				CLANG_WARN_OBJC_ROOT_CLASS = YES_ERROR;
				CLANG_WARN_SUSPICIOUS_MOVES = YES;
				CLANG_WARN_UNREACHABLE_CODE = YES;
				CLANG_WARN__DUPLICATE_METHOD_MATCH = YES;
				"CODE_SIGN_IDENTITY[sdk=iphoneos*]" = "iPhone Developer";
				COPY_PHASE_STRIP = NO;
				DEBUG_INFORMATION_FORMAT = dwarf;
				ENABLE_STRICT_OBJC_MSGSEND = YES;
				ENABLE_TESTABILITY = YES;
				GCC_C_LANGUAGE_STANDARD = gnu99;
				GCC_DYNAMIC_NO_PIC = NO;
				GCC_NO_COMMON_BLOCKS = YES;
				GCC_OPTIMIZATION_LEVEL = 0;
				GCC_PREPROCESSOR_DEFINITIONS = (
					"DEBUG=1",
					"$(inherited)",
				);
				GCC_WARN_64_TO_32_BIT_CONVERSION = YES;
				GCC_WARN_ABOUT_RETURN_TYPE = YES_ERROR;
				GCC_WARN_UNDECLARED_SELECTOR = YES;
				GCC_WARN_UNINITIALIZED_AUTOS = YES_AGGRESSIVE;
				GCC_WARN_UNUSED_FUNCTION = YES;
				GCC_WARN_UNUSED_VARIABLE = YES;
				IPHONEOS_DEPLOYMENT_TARGET = 10.0;
				MTL_ENABLE_DEBUG_INFO = YES;
				ONLY_ACTIVE_ARCH = YES;
				SDKROOT = iphoneos;
				SWIFT_ACTIVE_COMPILATION_CONDITIONS = DEBUG;
				SWIFT_OPTIMIZATION_LEVEL = "-Onone";
			};
			name = Debug;
		};
		1466F0991D64D77F0066C1C9 /* Release */ = {
			isa = XCBuildConfiguration;
			buildSettings = {
				ALWAYS_SEARCH_USER_PATHS = NO;
				CLANG_ANALYZER_NONNULL = YES;
				CLANG_CXX_LANGUAGE_STANDARD = "gnu++0x";
				CLANG_CXX_LIBRARY = "libc++";
				CLANG_ENABLE_MODULES = YES;
				CLANG_ENABLE_OBJC_ARC = YES;
				CLANG_WARN_BOOL_CONVERSION = YES;
				CLANG_WARN_CONSTANT_CONVERSION = YES;
				CLANG_WARN_DIRECT_OBJC_ISA_USAGE = YES_ERROR;
				CLANG_WARN_DOCUMENTATION_COMMENTS = YES;
				CLANG_WARN_EMPTY_BODY = YES;
				CLANG_WARN_ENUM_CONVERSION = YES;
				CLANG_WARN_INFINITE_RECURSION = YES;
				CLANG_WARN_INT_CONVERSION = YES;
				CLANG_WARN_OBJC_ROOT_CLASS = YES_ERROR;
				CLANG_WARN_SUSPICIOUS_MOVES = YES;
				CLANG_WARN_UNREACHABLE_CODE = YES;
				CLANG_WARN__DUPLICATE_METHOD_MATCH = YES;
				"CODE_SIGN_IDENTITY[sdk=iphoneos*]" = "iPhone Developer";
				COPY_PHASE_STRIP = NO;
				DEBUG_INFORMATION_FORMAT = "dwarf-with-dsym";
				ENABLE_NS_ASSERTIONS = NO;
				ENABLE_STRICT_OBJC_MSGSEND = YES;
				GCC_C_LANGUAGE_STANDARD = gnu99;
				GCC_NO_COMMON_BLOCKS = YES;
				GCC_WARN_64_TO_32_BIT_CONVERSION = YES;
				GCC_WARN_ABOUT_RETURN_TYPE = YES_ERROR;
				GCC_WARN_UNDECLARED_SELECTOR = YES;
				GCC_WARN_UNINITIALIZED_AUTOS = YES_AGGRESSIVE;
				GCC_WARN_UNUSED_FUNCTION = YES;
				GCC_WARN_UNUSED_VARIABLE = YES;
				IPHONEOS_DEPLOYMENT_TARGET = 10.0;
				MTL_ENABLE_DEBUG_INFO = NO;
				SDKROOT = iphoneos;
				SWIFT_OPTIMIZATION_LEVEL = "-Owholemodule";
				VALIDATE_PRODUCT = YES;
			};
			name = Release;
		};
		1466F09B1D64D77F0066C1C9 /* Debug */ = {
			isa = XCBuildConfiguration;
			buildSettings = {
				ASSETCATALOG_COMPILER_APPICON_NAME = AppIcon;
				DEVELOPMENT_TEAM = 99UEJVBZGE;
				INFOPLIST_FILE = TellCoreData/Info.plist;
				LD_RUNPATH_SEARCH_PATHS = "$(inherited) @executable_path/Frameworks";
				PRODUCT_BUNDLE_IDENTIFIER = com.soolwan.TellCoreData;
				PRODUCT_NAME = "$(TARGET_NAME)";
				SWIFT_VERSION = 3.0;
			};
			name = Debug;
		};
		1466F09C1D64D77F0066C1C9 /* Release */ = {
			isa = XCBuildConfiguration;
			buildSettings = {
				ASSETCATALOG_COMPILER_APPICON_NAME = AppIcon;
				DEVELOPMENT_TEAM = 99UEJVBZGE;
				INFOPLIST_FILE = TellCoreData/Info.plist;
				LD_RUNPATH_SEARCH_PATHS = "$(inherited) @executable_path/Frameworks";
				PRODUCT_BUNDLE_IDENTIFIER = com.soolwan.TellCoreData;
				PRODUCT_NAME = "$(TARGET_NAME)";
				SWIFT_VERSION = 3.0;
			};
			name = Release;
		};
/* End XCBuildConfiguration section */

/* Begin XCConfigurationList section */
		1466F0831D64D77F0066C1C9 /* Build configuration list for PBXProject "TellCoreData" */ = {
			isa = XCConfigurationList;
			buildConfigurations = (
				1466F0981D64D77F0066C1C9 /* Debug */,
				1466F0991D64D77F0066C1C9 /* Release */,
			);
			defaultConfigurationIsVisible = 0;
			defaultConfigurationName = Release;
		};
		1466F09A1D64D77F0066C1C9 /* Build configuration list for PBXNativeTarget "TellCoreData" */ = {
			isa = XCConfigurationList;
			buildConfigurations = (
				1466F09B1D64D77F0066C1C9 /* Debug */,
				1466F09C1D64D77F0066C1C9 /* Release */,
			);
			defaultConfigurationIsVisible = 0;
			defaultConfigurationName = Release;
		};
/* End XCConfigurationList section */

/* Begin XCVersionGroup section */
		1466F0A51D64D9D30066C1C9 /* DataModel.xcdatamodeld */ = {
			isa = XCVersionGroup;
			children = (
				1466F0A61D64D9D30066C1C9 /* DataModel.xcdatamodel */,
			);
			currentVersion = 1466F0A61D64D9D30066C1C9 /* DataModel.xcdatamodel */;
			path = DataModel.xcdatamodeld;
			sourceTree = "<group>";
			versionGroupType = wrapper.xcdatamodel;
		};
/* End XCVersionGroup section */
	};
	rootObject = 1466F0801D64D77F0066C1C9 /* Project object */;
}
